// !$*UTF8*$!
{
	archiveVersion = 1;
	classes = {
	};
	objectVersion = 50;
	objects = {

/* Begin PBXBuildFile section */
		B503586823565E8A00A7C51A /* AppDelegate.swift in Sources */ = {isa = PBXBuildFile; fileRef = B503586723565E8A00A7C51A /* AppDelegate.swift */; };
		B503587423565E8D00A7C51A /* Assets.xcassets in Resources */ = {isa = PBXBuildFile; fileRef = B503587323565E8D00A7C51A /* Assets.xcassets */; };
		B503587723565E8D00A7C51A /* LaunchScreen.storyboard in Resources */ = {isa = PBXBuildFile; fileRef = B503587523565E8D00A7C51A /* LaunchScreen.storyboard */; };
		B50358A52356698900A7C51A /* HTTPDebugExecutor.swift in Sources */ = {isa = PBXBuildFile; fileRef = B50358A42356698900A7C51A /* HTTPDebugExecutor.swift */; };
		B593D5652356857800B4D87E /* Adapter.framework in Frameworks */ = {isa = PBXBuildFile; fileRef = B593D5642356857800B4D87E /* Adapter.framework */; };
		B593D5662356857800B4D87E /* Adapter.framework in Embed Frameworks */ = {isa = PBXBuildFile; fileRef = B593D5642356857800B4D87E /* Adapter.framework */; settings = {ATTRIBUTES = (CodeSignOnCopy, RemoveHeadersOnCopy, ); }; };
		B593D5D523579EF000B4D87E /* PostFeature.framework in Frameworks */ = {isa = PBXBuildFile; fileRef = B593D5D423579EF000B4D87E /* PostFeature.framework */; };
		B593D5D623579EF000B4D87E /* PostFeature.framework in Embed Frameworks */ = {isa = PBXBuildFile; fileRef = B593D5D423579EF000B4D87E /* PostFeature.framework */; settings = {ATTRIBUTES = (CodeSignOnCopy, RemoveHeadersOnCopy, ); }; };
		B5FA2989235E904D00FDAC7B /* Networking.framework in Frameworks */ = {isa = PBXBuildFile; fileRef = B5FA2988235E904D00FDAC7B /* Networking.framework */; };
		B5FA298A235E904D00FDAC7B /* Networking.framework in Embed Frameworks */ = {isa = PBXBuildFile; fileRef = B5FA2988235E904D00FDAC7B /* Networking.framework */; settings = {ATTRIBUTES = (CodeSignOnCopy, RemoveHeadersOnCopy, ); }; };
		B5FA29CD235FBF3400FDAC7B /* Core.framework in Frameworks */ = {isa = PBXBuildFile; fileRef = B503589F23565EC300A7C51A /* Core.framework */; };
		B5FA29CE235FBF3400FDAC7B /* Core.framework in Embed Frameworks */ = {isa = PBXBuildFile; fileRef = B503589F23565EC300A7C51A /* Core.framework */; settings = {ATTRIBUTES = (CodeSignOnCopy, RemoveHeadersOnCopy, ); }; };
/* End PBXBuildFile section */

/* Begin PBXCopyFilesBuildPhase section */
		B503589E23565EBF00A7C51A /* Embed Frameworks */ = {
			isa = PBXCopyFilesBuildPhase;
			buildActionMask = 2147483647;
			dstPath = "";
			dstSubfolderSpec = 10;
			files = (
				B593D5662356857800B4D87E /* Adapter.framework in Embed Frameworks */,
				B593D5D623579EF000B4D87E /* PostFeature.framework in Embed Frameworks */,
				B5FA298A235E904D00FDAC7B /* Networking.framework in Embed Frameworks */,
				B5FA29CE235FBF3400FDAC7B /* Core.framework in Embed Frameworks */,
			);
			name = "Embed Frameworks";
			runOnlyForDeploymentPostprocessing = 0;
		};
/* End PBXCopyFilesBuildPhase section */

/* Begin PBXFileReference section */
		B503586423565E8A00A7C51A /* PostAppsClient.app */ = {isa = PBXFileReference; explicitFileType = wrapper.application; includeInIndex = 0; path = PostAppsClient.app; sourceTree = BUILT_PRODUCTS_DIR; };
		B503586723565E8A00A7C51A /* AppDelegate.swift */ = {isa = PBXFileReference; lastKnownFileType = sourcecode.swift; path = AppDelegate.swift; sourceTree = "<group>"; };
		B503587323565E8D00A7C51A /* Assets.xcassets */ = {isa = PBXFileReference; lastKnownFileType = folder.assetcatalog; path = Assets.xcassets; sourceTree = "<group>"; };
		B503587623565E8D00A7C51A /* Base */ = {isa = PBXFileReference; lastKnownFileType = file.storyboard; name = Base; path = Base.lproj/LaunchScreen.storyboard; sourceTree = "<group>"; };
		B503587823565E8D00A7C51A /* Info.plist */ = {isa = PBXFileReference; lastKnownFileType = text.plist.xml; path = Info.plist; sourceTree = "<group>"; };
		B503588E23565E8D00A7C51A /* Info.plist */ = {isa = PBXFileReference; lastKnownFileType = text.plist.xml; path = Info.plist; sourceTree = "<group>"; };
		B503589B23565EBF00A7C51A /* Networking.framework */ = {isa = PBXFileReference; explicitFileType = wrapper.framework; path = Networking.framework; sourceTree = BUILT_PRODUCTS_DIR; };
		B503589F23565EC300A7C51A /* Core.framework */ = {isa = PBXFileReference; explicitFileType = wrapper.framework; path = Core.framework; sourceTree = BUILT_PRODUCTS_DIR; };
		B50358A22356683F00A7C51A /* InfoDebug.plist */ = {isa = PBXFileReference; fileEncoding = 4; lastKnownFileType = text.plist.xml; path = InfoDebug.plist; sourceTree = "<group>"; };
		B50358A42356698900A7C51A /* HTTPDebugExecutor.swift */ = {isa = PBXFileReference; lastKnownFileType = sourcecode.swift; path = HTTPDebugExecutor.swift; sourceTree = "<group>"; };
		B593D5642356857800B4D87E /* Adapter.framework */ = {isa = PBXFileReference; explicitFileType = wrapper.framework; path = Adapter.framework; sourceTree = BUILT_PRODUCTS_DIR; };
		B593D5D423579EF000B4D87E /* PostFeature.framework */ = {isa = PBXFileReference; explicitFileType = wrapper.framework; path = PostFeature.framework; sourceTree = BUILT_PRODUCTS_DIR; };
		B5FA2988235E904D00FDAC7B /* Networking.framework */ = {isa = PBXFileReference; explicitFileType = wrapper.framework; path = Networking.framework; sourceTree = BUILT_PRODUCTS_DIR; };
/* End PBXFileReference section */

/* Begin PBXFrameworksBuildPhase section */
		B503586123565E8A00A7C51A /* Frameworks */ = {
			isa = PBXFrameworksBuildPhase;
			buildActionMask = 2147483647;
			files = (
				B593D5652356857800B4D87E /* Adapter.framework in Frameworks */,
				B593D5D523579EF000B4D87E /* PostFeature.framework in Frameworks */,
				B5FA2989235E904D00FDAC7B /* Networking.framework in Frameworks */,
				B5FA29CD235FBF3400FDAC7B /* Core.framework in Frameworks */,
			);
			runOnlyForDeploymentPostprocessing = 0;
		};
/* End PBXFrameworksBuildPhase section */

/* Begin PBXGroup section */
		B503585B23565E8A00A7C51A = {
			isa = PBXGroup;
			children = (
				B503586623565E8A00A7C51A /* PostAppsClient */,
				B503588B23565E8D00A7C51A /* PostAppsClientUITests */,
				B503586523565E8A00A7C51A /* Products */,
				B503589A23565EBF00A7C51A /* Frameworks */,
			);
			sourceTree = "<group>";
		};
		B503586523565E8A00A7C51A /* Products */ = {
			isa = PBXGroup;
			children = (
				B503586423565E8A00A7C51A /* PostAppsClient.app */,
			);
			name = Products;
			sourceTree = "<group>";
		};
		B503586623565E8A00A7C51A /* PostAppsClient */ = {
			isa = PBXGroup;
			children = (
				B503586723565E8A00A7C51A /* AppDelegate.swift */,
				B503587323565E8D00A7C51A /* Assets.xcassets */,
				B503587523565E8D00A7C51A /* LaunchScreen.storyboard */,
				B5FA29CC235FBEBB00FDAC7B /* SupportingFiles */,
				B50358A42356698900A7C51A /* HTTPDebugExecutor.swift */,
			);
			path = PostAppsClient;
			sourceTree = "<group>";
		};
		B503588B23565E8D00A7C51A /* PostAppsClientUITests */ = {
			isa = PBXGroup;
			children = (
				B503588E23565E8D00A7C51A /* Info.plist */,
			);
			path = PostAppsClientUITests;
			sourceTree = "<group>";
		};
		B503589A23565EBF00A7C51A /* Frameworks */ = {
			isa = PBXGroup;
			children = (
				B5FA2988235E904D00FDAC7B /* Networking.framework */,
				B593D5D423579EF000B4D87E /* PostFeature.framework */,
				B593D5642356857800B4D87E /* Adapter.framework */,
				B503589F23565EC300A7C51A /* Core.framework */,
				B503589B23565EBF00A7C51A /* Networking.framework */,
			);
			name = Frameworks;
			sourceTree = "<group>";
		};
		B5FA29CC235FBEBB00FDAC7B /* SupportingFiles */ = {
			isa = PBXGroup;
			children = (
				B503587823565E8D00A7C51A /* Info.plist */,
				B50358A22356683F00A7C51A /* InfoDebug.plist */,
			);
			path = SupportingFiles;
			sourceTree = "<group>";
		};
/* End PBXGroup section */

/* Begin PBXNativeTarget section */
		B503586323565E8A00A7C51A /* PostAppsClient */ = {
			isa = PBXNativeTarget;
			buildConfigurationList = B503589123565E8D00A7C51A /* Build configuration list for PBXNativeTarget "PostAppsClient" */;
			buildPhases = (
				B503586023565E8A00A7C51A /* Sources */,
				B503586123565E8A00A7C51A /* Frameworks */,
				B503586223565E8A00A7C51A /* Resources */,
				B503589E23565EBF00A7C51A /* Embed Frameworks */,
			);
			buildRules = (
			);
			dependencies = (
			);
			name = PostAppsClient;
			productName = PostAppsClient;
			productReference = B503586423565E8A00A7C51A /* PostAppsClient.app */;
			productType = "com.apple.product-type.application";
		};
/* End PBXNativeTarget section */

/* Begin PBXProject section */
		B503585C23565E8A00A7C51A /* Project object */ = {
			isa = PBXProject;
			attributes = {
				LastSwiftUpdateCheck = 1100;
				LastUpgradeCheck = 1100;
				ORGANIZATIONNAME = "Abel Castro";
				TargetAttributes = {
					B503586323565E8A00A7C51A = {
						CreatedOnToolsVersion = 11.0;
					};
				};
			};
			buildConfigurationList = B503585F23565E8A00A7C51A /* Build configuration list for PBXProject "PostAppsClient" */;
			compatibilityVersion = "Xcode 9.3";
			developmentRegion = en;
			hasScannedForEncodings = 0;
			knownRegions = (
				en,
				Base,
			);
			mainGroup = B503585B23565E8A00A7C51A;
			productRefGroup = B503586523565E8A00A7C51A /* Products */;
			projectDirPath = "";
			projectRoot = "";
			targets = (
				B503586323565E8A00A7C51A /* PostAppsClient */,
			);
		};
/* End PBXProject section */

/* Begin PBXResourcesBuildPhase section */
		B503586223565E8A00A7C51A /* Resources */ = {
			isa = PBXResourcesBuildPhase;
			buildActionMask = 2147483647;
			files = (
				B503587723565E8D00A7C51A /* LaunchScreen.storyboard in Resources */,
				B503587423565E8D00A7C51A /* Assets.xcassets in Resources */,
			);
			runOnlyForDeploymentPostprocessing = 0;
		};
/* End PBXResourcesBuildPhase section */

/* Begin PBXSourcesBuildPhase section */
		B503586023565E8A00A7C51A /* Sources */ = {
			isa = PBXSourcesBuildPhase;
			buildActionMask = 2147483647;
			files = (
				B50358A52356698900A7C51A /* HTTPDebugExecutor.swift in Sources */,
				B503586823565E8A00A7C51A /* AppDelegate.swift in Sources */,
			);
			runOnlyForDeploymentPostprocessing = 0;
		};
/* End PBXSourcesBuildPhase section */

/* Begin PBXVariantGroup section */
		B503587523565E8D00A7C51A /* LaunchScreen.storyboard */ = {
			isa = PBXVariantGroup;
			children = (
				B503587623565E8D00A7C51A /* Base */,
			);
			name = LaunchScreen.storyboard;
			sourceTree = "<group>";
		};
/* End PBXVariantGroup section */

/* Begin XCBuildConfiguration section */
		B503588F23565E8D00A7C51A /* Debug */ = {
			isa = XCBuildConfiguration;
			buildSettings = {
				ALWAYS_SEARCH_USER_PATHS = NO;
				CLANG_ANALYZER_NONNULL = YES;
				CLANG_ANALYZER_NUMBER_OBJECT_CONVERSION = YES_AGGRESSIVE;
				CLANG_CXX_LANGUAGE_STANDARD = "gnu++14";
				CLANG_CXX_LIBRARY = "libc++";
				CLANG_ENABLE_MODULES = YES;
				CLANG_ENABLE_OBJC_ARC = YES;
				CLANG_ENABLE_OBJC_WEAK = YES;
				CLANG_WARN_BLOCK_CAPTURE_AUTORELEASING = YES;
				CLANG_WARN_BOOL_CONVERSION = YES;
				CLANG_WARN_COMMA = YES;
				CLANG_WARN_CONSTANT_CONVERSION = YES;
				CLANG_WARN_DEPRECATED_OBJC_IMPLEMENTATIONS = YES;
				CLANG_WARN_DIRECT_OBJC_ISA_USAGE = YES_ERROR;
				CLANG_WARN_DOCUMENTATION_COMMENTS = YES;
				CLANG_WARN_EMPTY_BODY = YES;
				CLANG_WARN_ENUM_CONVERSION = YES;
				CLANG_WARN_INFINITE_RECURSION = YES;
				CLANG_WARN_INT_CONVERSION = YES;
				CLANG_WARN_NON_LITERAL_NULL_CONVERSION = YES;
				CLANG_WARN_OBJC_IMPLICIT_RETAIN_SELF = YES;
				CLANG_WARN_OBJC_LITERAL_CONVERSION = YES;
				CLANG_WARN_OBJC_ROOT_CLASS = YES_ERROR;
				CLANG_WARN_RANGE_LOOP_ANALYSIS = YES;
				CLANG_WARN_STRICT_PROTOTYPES = YES;
				CLANG_WARN_SUSPICIOUS_MOVE = YES;
				CLANG_WARN_UNGUARDED_AVAILABILITY = YES_AGGRESSIVE;
				CLANG_WARN_UNREACHABLE_CODE = YES;
				CLANG_WARN__DUPLICATE_METHOD_MATCH = YES;
				COPY_PHASE_STRIP = NO;
				DEBUG_INFORMATION_FORMAT = dwarf;
				ENABLE_STRICT_OBJC_MSGSEND = YES;
				ENABLE_TESTABILITY = YES;
				GCC_C_LANGUAGE_STANDARD = gnu11;
				GCC_DYNAMIC_NO_PIC = NO;
				GCC_NO_COMMON_BLOCKS = YES;
				GCC_OPTIMIZATION_LEVEL = 0;
				GCC_PREPROCESSOR_DEFINITIONS = (
					"DEBUG=1",
					"$(inherited)",
				);
				GCC_WARN_64_TO_32_BIT_CONVERSION = YES;
				GCC_WARN_ABOUT_RETURN_TYPE = YES_ERROR;
				GCC_WARN_UNDECLARED_SELECTOR = YES;
				GCC_WARN_UNINITIALIZED_AUTOS = YES_AGGRESSIVE;
				GCC_WARN_UNUSED_FUNCTION = YES;
				GCC_WARN_UNUSED_VARIABLE = YES;
				IPHONEOS_DEPLOYMENT_TARGET = 12.0;
				MTL_ENABLE_DEBUG_INFO = INCLUDE_SOURCE;
				MTL_FAST_MATH = YES;
				ONLY_ACTIVE_ARCH = YES;
				SDKROOT = iphoneos;
				SWIFT_ACTIVE_COMPILATION_CONDITIONS = DEBUG;
				SWIFT_OPTIMIZATION_LEVEL = "-Onone";
			};
			name = Debug;
		};
		B503589023565E8D00A7C51A /* Release */ = {
			isa = XCBuildConfiguration;
			buildSettings = {
				ALWAYS_SEARCH_USER_PATHS = NO;
				CLANG_ANALYZER_NONNULL = YES;
				CLANG_ANALYZER_NUMBER_OBJECT_CONVERSION = YES_AGGRESSIVE;
				CLANG_CXX_LANGUAGE_STANDARD = "gnu++14";
				CLANG_CXX_LIBRARY = "libc++";
				CLANG_ENABLE_MODULES = YES;
				CLANG_ENABLE_OBJC_ARC = YES;
				CLANG_ENABLE_OBJC_WEAK = YES;
				CLANG_WARN_BLOCK_CAPTURE_AUTORELEASING = YES;
				CLANG_WARN_BOOL_CONVERSION = YES;
				CLANG_WARN_COMMA = YES;
				CLANG_WARN_CONSTANT_CONVERSION = YES;
				CLANG_WARN_DEPRECATED_OBJC_IMPLEMENTATIONS = YES;
				CLANG_WARN_DIRECT_OBJC_ISA_USAGE = YES_ERROR;
				CLANG_WARN_DOCUMENTATION_COMMENTS = YES;
				CLANG_WARN_EMPTY_BODY = YES;
				CLANG_WARN_ENUM_CONVERSION = YES;
				CLANG_WARN_INFINITE_RECURSION = YES;
				CLANG_WARN_INT_CONVERSION = YES;
				CLANG_WARN_NON_LITERAL_NULL_CONVERSION = YES;
				CLANG_WARN_OBJC_IMPLICIT_RETAIN_SELF = YES;
				CLANG_WARN_OBJC_LITERAL_CONVERSION = YES;
				CLANG_WARN_OBJC_ROOT_CLASS = YES_ERROR;
				CLANG_WARN_RANGE_LOOP_ANALYSIS = YES;
				CLANG_WARN_STRICT_PROTOTYPES = YES;
				CLANG_WARN_SUSPICIOUS_MOVE = YES;
				CLANG_WARN_UNGUARDED_AVAILABILITY = YES_AGGRESSIVE;
				CLANG_WARN_UNREACHABLE_CODE = YES;
				CLANG_WARN__DUPLICATE_METHOD_MATCH = YES;
				COPY_PHASE_STRIP = NO;
				DEBUG_INFORMATION_FORMAT = "dwarf-with-dsym";
				ENABLE_NS_ASSERTIONS = NO;
				ENABLE_STRICT_OBJC_MSGSEND = YES;
				GCC_C_LANGUAGE_STANDARD = gnu11;
				GCC_NO_COMMON_BLOCKS = YES;
				GCC_WARN_64_TO_32_BIT_CONVERSION = YES;
				GCC_WARN_ABOUT_RETURN_TYPE = YES_ERROR;
				GCC_WARN_UNDECLARED_SELECTOR = YES;
				GCC_WARN_UNINITIALIZED_AUTOS = YES_AGGRESSIVE;
				GCC_WARN_UNUSED_FUNCTION = YES;
				GCC_WARN_UNUSED_VARIABLE = YES;
				IPHONEOS_DEPLOYMENT_TARGET = 12.0;
				MTL_ENABLE_DEBUG_INFO = NO;
				MTL_FAST_MATH = YES;
				SDKROOT = iphoneos;
				SWIFT_COMPILATION_MODE = wholemodule;
				SWIFT_OPTIMIZATION_LEVEL = "-O";
				VALIDATE_PRODUCT = YES;
			};
			name = Release;
		};
		B503589223565E8D00A7C51A /* Debug */ = {
			isa = XCBuildConfiguration;
			buildSettings = {
				ASSETCATALOG_COMPILER_APPICON_NAME = AppIcon;
				CODE_SIGN_STYLE = Automatic;
				DEVELOPMENT_TEAM = MS48YPHB8N;
				INFOPLIST_FILE = PostAppsClient/SupportingFiles/InfoDebug.plist;
				IPHONEOS_DEPLOYMENT_TARGET = 12.0;
				LD_RUNPATH_SEARCH_PATHS = (
					"$(inherited)",
					"@executable_path/Frameworks",
				);
				PRODUCT_BUNDLE_IDENTIFIER = com.abel.PostAppsClient;
				PRODUCT_NAME = "$(TARGET_NAME)";
				SWIFT_VERSION = 5.0;
				TARGETED_DEVICE_FAMILY = "1,2";
			};
			name = Debug;
		};
		B503589323565E8D00A7C51A /* Release */ = {
			isa = XCBuildConfiguration;
			buildSettings = {
				ASSETCATALOG_COMPILER_APPICON_NAME = AppIcon;
				CODE_SIGN_STYLE = Automatic;
				DEVELOPMENT_TEAM = MS48YPHB8N;
				INFOPLIST_FILE = PostAppsClient/SupportingFiles/Info.plist;
				IPHONEOS_DEPLOYMENT_TARGET = 12.0;
				LD_RUNPATH_SEARCH_PATHS = (
					"$(inherited)",
					"@executable_path/Frameworks",
				);
				PRODUCT_BUNDLE_IDENTIFIER = com.abel.PostAppsClient;
				PRODUCT_NAME = "$(TARGET_NAME)";
				SWIFT_VERSION = 5.0;
				TARGETED_DEVICE_FAMILY = "1,2";
			};
			name = Release;
		};
/* End XCBuildConfiguration section */

/* Begin XCConfigurationList section */
		B503585F23565E8A00A7C51A /* Build configuration list for PBXProject "PostAppsClient" */ = {
			isa = XCConfigurationList;
			buildConfigurations = (
				B503588F23565E8D00A7C51A /* Debug */,
				B503589023565E8D00A7C51A /* Release */,
			);
			defaultConfigurationIsVisible = 0;
			defaultConfigurationName = Release;
		};
		B503589123565E8D00A7C51A /* Build configuration list for PBXNativeTarget "PostAppsClient" */ = {
			isa = XCConfigurationList;
			buildConfigurations = (
				B503589223565E8D00A7C51A /* Debug */,
				B503589323565E8D00A7C51A /* Release */,
			);
			defaultConfigurationIsVisible = 0;
			defaultConfigurationName = Release;
		};
/* End XCConfigurationList section */
	};
	rootObject = B503585C23565E8A00A7C51A /* Project object */;
}
